// !$*UTF8*$!
{
	archiveVersion = 1;
	classes = {
	};
	objectVersion = 52;
	objects = {

/* Begin PBXBuildFile section */
		7F20182A27AFCEFB0049ACD1 /* ImagePicker.swift in Sources */ = {isa = PBXBuildFile; fileRef = 7F20182927AFCEFB0049ACD1 /* ImagePicker.swift */; };
		7F20182E27AFF26A0049ACD1 /* FirebaseAuth in Frameworks */ = {isa = PBXBuildFile; productRef = 7F20182D27AFF26A0049ACD1 /* FirebaseAuth */; };
		7F20183027AFF26A0049ACD1 /* FirebaseFirestore in Frameworks */ = {isa = PBXBuildFile; productRef = 7F20182F27AFF26A0049ACD1 /* FirebaseFirestore */; };
		7F20183227AFF26A0049ACD1 /* FirebaseStorage in Frameworks */ = {isa = PBXBuildFile; productRef = 7F20183127AFF26A0049ACD1 /* FirebaseStorage */; };
		7F20183727AFFD0F0049ACD1 /* MainMessagesView.swift in Sources */ = {isa = PBXBuildFile; fileRef = 7F20183627AFFD0F0049ACD1 /* MainMessagesView.swift */; };
		7F20183C27B01C5A0049ACD1 /* FirebaseManager.swift in Sources */ = {isa = PBXBuildFile; fileRef = 7F20183B27B01C5A0049ACD1 /* FirebaseManager.swift */; };
		7F20184127B0297F0049ACD1 /* SDWebImageSwiftUI in Frameworks */ = {isa = PBXBuildFile; productRef = 7F20184027B0297F0049ACD1 /* SDWebImageSwiftUI */; };
		7F20184527B051C80049ACD1 /* ChatUser.swift in Sources */ = {isa = PBXBuildFile; fileRef = 7F20184427B051C80049ACD1 /* ChatUser.swift */; };
		7F9B18BA27AEE2B1003EC722 /* ChatAppWithFirebaseApp.swift in Sources */ = {isa = PBXBuildFile; fileRef = 7F9B18B927AEE2B1003EC722 /* ChatAppWithFirebaseApp.swift */; };
		7F9B18BC27AEE2B1003EC722 /* LoginView.swift in Sources */ = {isa = PBXBuildFile; fileRef = 7F9B18BB27AEE2B1003EC722 /* LoginView.swift */; };
		7F9B18BE27AEE2B1003EC722 /* Assets.xcassets in Resources */ = {isa = PBXBuildFile; fileRef = 7F9B18BD27AEE2B1003EC722 /* Assets.xcassets */; };
		7F9B18C127AEE2B1003EC722 /* Preview Assets.xcassets in Resources */ = {isa = PBXBuildFile; fileRef = 7F9B18C027AEE2B1003EC722 /* Preview Assets.xcassets */; };
		7F9C95E027AEF6BA0074BAF2 /* GoogleService-Info.plist in Resources */ = {isa = PBXBuildFile; fileRef = 7F9C95DF27AEF6BA0074BAF2 /* GoogleService-Info.plist */; };
/* End PBXBuildFile section */

/* Begin PBXFileReference section */
		7F20182927AFCEFB0049ACD1 /* ImagePicker.swift */ = {isa = PBXFileReference; lastKnownFileType = sourcecode.swift; path = ImagePicker.swift; sourceTree = "<group>"; };
		7F20183627AFFD0F0049ACD1 /* MainMessagesView.swift */ = {isa = PBXFileReference; lastKnownFileType = sourcecode.swift; path = MainMessagesView.swift; sourceTree = "<group>"; };
		7F20183B27B01C5A0049ACD1 /* FirebaseManager.swift */ = {isa = PBXFileReference; lastKnownFileType = sourcecode.swift; path = FirebaseManager.swift; sourceTree = "<group>"; };
		7F20184427B051C80049ACD1 /* ChatUser.swift */ = {isa = PBXFileReference; lastKnownFileType = sourcecode.swift; path = ChatUser.swift; sourceTree = "<group>"; };
		7F9B18B627AEE2B1003EC722 /* ChatAppWithFirebase.app */ = {isa = PBXFileReference; explicitFileType = wrapper.application; includeInIndex = 0; path = ChatAppWithFirebase.app; sourceTree = BUILT_PRODUCTS_DIR; };
		7F9B18B927AEE2B1003EC722 /* ChatAppWithFirebaseApp.swift */ = {isa = PBXFileReference; lastKnownFileType = sourcecode.swift; path = ChatAppWithFirebaseApp.swift; sourceTree = "<group>"; };
		7F9B18BB27AEE2B1003EC722 /* LoginView.swift */ = {isa = PBXFileReference; lastKnownFileType = sourcecode.swift; path = LoginView.swift; sourceTree = "<group>"; };
		7F9B18BD27AEE2B1003EC722 /* Assets.xcassets */ = {isa = PBXFileReference; lastKnownFileType = folder.assetcatalog; path = Assets.xcassets; sourceTree = "<group>"; };
		7F9B18C027AEE2B1003EC722 /* Preview Assets.xcassets */ = {isa = PBXFileReference; lastKnownFileType = folder.assetcatalog; path = "Preview Assets.xcassets"; sourceTree = "<group>"; };
		7F9B18C227AEE2B1003EC722 /* Info.plist */ = {isa = PBXFileReference; lastKnownFileType = text.plist.xml; path = Info.plist; sourceTree = "<group>"; };
		7F9C95DF27AEF6BA0074BAF2 /* GoogleService-Info.plist */ = {isa = PBXFileReference; fileEncoding = 4; lastKnownFileType = text.plist.xml; path = "GoogleService-Info.plist"; sourceTree = "<group>"; };
/* End PBXFileReference section */

/* Begin PBXFrameworksBuildPhase section */
		7F9B18B327AEE2B1003EC722 /* Frameworks */ = {
			isa = PBXFrameworksBuildPhase;
			buildActionMask = 2147483647;
			files = (
				7F20184127B0297F0049ACD1 /* SDWebImageSwiftUI in Frameworks */,
				7F20182E27AFF26A0049ACD1 /* FirebaseAuth in Frameworks */,
				7F20183027AFF26A0049ACD1 /* FirebaseFirestore in Frameworks */,
				7F20183227AFF26A0049ACD1 /* FirebaseStorage in Frameworks */,
			);
			runOnlyForDeploymentPostprocessing = 0;
		};
/* End PBXFrameworksBuildPhase section */

/* Begin PBXGroup section */
		7F20183527AFFCF60049ACD1 /* MainMessages */ = {
			isa = PBXGroup;
			children = (
				7F20183627AFFD0F0049ACD1 /* MainMessagesView.swift */,
			);
			path = MainMessages;
			sourceTree = "<group>";
		};
		7F20183A27B01C420049ACD1 /* Utils */ = {
			isa = PBXGroup;
			children = (
				7F20183B27B01C5A0049ACD1 /* FirebaseManager.swift */,
			);
			path = Utils;
			sourceTree = "<group>";
		};
		7F20184327B051B90049ACD1 /* Model */ = {
			isa = PBXGroup;
			children = (
				7F20184427B051C80049ACD1 /* ChatUser.swift */,
			);
			path = Model;
			sourceTree = "<group>";
		};
		7F9B18AD27AEE2B0003EC722 = {
			isa = PBXGroup;
			children = (
				7F9B18B827AEE2B1003EC722 /* ChatAppWithFirebase */,
				7F9B18B727AEE2B1003EC722 /* Products */,
			);
			sourceTree = "<group>";
		};
		7F9B18B727AEE2B1003EC722 /* Products */ = {
			isa = PBXGroup;
			children = (
				7F9B18B627AEE2B1003EC722 /* ChatAppWithFirebase.app */,
			);
			name = Products;
			sourceTree = "<group>";
		};
		7F9B18B827AEE2B1003EC722 /* ChatAppWithFirebase */ = {
			isa = PBXGroup;
			children = (
				7F20184327B051B90049ACD1 /* Model */,
				7F20183A27B01C420049ACD1 /* Utils */,
				7F20183527AFFCF60049ACD1 /* MainMessages */,
				7F9B18B927AEE2B1003EC722 /* ChatAppWithFirebaseApp.swift */,
				7F9B18BB27AEE2B1003EC722 /* LoginView.swift */,
				7F20182927AFCEFB0049ACD1 /* ImagePicker.swift */,
				7F9B18BD27AEE2B1003EC722 /* Assets.xcassets */,
				7F9B18C227AEE2B1003EC722 /* Info.plist */,
				7F9C95DF27AEF6BA0074BAF2 /* GoogleService-Info.plist */,
				7F9B18BF27AEE2B1003EC722 /* Preview Content */,
			);
			path = ChatAppWithFirebase;
			sourceTree = "<group>";
		};
		7F9B18BF27AEE2B1003EC722 /* Preview Content */ = {
			isa = PBXGroup;
			children = (
				7F9B18C027AEE2B1003EC722 /* Preview Assets.xcassets */,
			);
			path = "Preview Content";
			sourceTree = "<group>";
		};
/* End PBXGroup section */

/* Begin PBXNativeTarget section */
		7F9B18B527AEE2B1003EC722 /* ChatAppWithFirebase */ = {
			isa = PBXNativeTarget;
			buildConfigurationList = 7F9B18C527AEE2B1003EC722 /* Build configuration list for PBXNativeTarget "ChatAppWithFirebase" */;
			buildPhases = (
				7F9B18B227AEE2B1003EC722 /* Sources */,
				7F9B18B327AEE2B1003EC722 /* Frameworks */,
				7F9B18B427AEE2B1003EC722 /* Resources */,
			);
			buildRules = (
			);
			dependencies = (
			);
			name = ChatAppWithFirebase;
			packageProductDependencies = (
				7F20182D27AFF26A0049ACD1 /* FirebaseAuth */,
				7F20182F27AFF26A0049ACD1 /* FirebaseFirestore */,
				7F20183127AFF26A0049ACD1 /* FirebaseStorage */,
				7F20184027B0297F0049ACD1 /* SDWebImageSwiftUI */,
			);
			productName = ChatAppWithFirebase;
			productReference = 7F9B18B627AEE2B1003EC722 /* ChatAppWithFirebase.app */;
			productType = "com.apple.product-type.application";
		};
/* End PBXNativeTarget section */

/* Begin PBXProject section */
		7F9B18AE27AEE2B0003EC722 /* Project object */ = {
			isa = PBXProject;
			attributes = {
				LastSwiftUpdateCheck = 1240;
				LastUpgradeCheck = 1240;
				TargetAttributes = {
					7F9B18B527AEE2B1003EC722 = {
						CreatedOnToolsVersion = 12.4;
					};
				};
			};
			buildConfigurationList = 7F9B18B127AEE2B0003EC722 /* Build configuration list for PBXProject "ChatAppWithFirebase" */;
			compatibilityVersion = "Xcode 9.3";
			developmentRegion = en;
			hasScannedForEncodings = 0;
			knownRegions = (
				en,
				Base,
			);
			mainGroup = 7F9B18AD27AEE2B0003EC722;
			packageReferences = (
				7F20182C27AFF26A0049ACD1 /* XCRemoteSwiftPackageReference "firebase-ios-sdk" */,
				7F20183F27B0297E0049ACD1 /* XCRemoteSwiftPackageReference "SDWebImageSwiftUI" */,
			);
			productRefGroup = 7F9B18B727AEE2B1003EC722 /* Products */;
			projectDirPath = "";
			projectRoot = "";
			targets = (
				7F9B18B527AEE2B1003EC722 /* ChatAppWithFirebase */,
			);
		};
/* End PBXProject section */

/* Begin PBXResourcesBuildPhase section */
		7F9B18B427AEE2B1003EC722 /* Resources */ = {
			isa = PBXResourcesBuildPhase;
			buildActionMask = 2147483647;
			files = (
				7F9B18C127AEE2B1003EC722 /* Preview Assets.xcassets in Resources */,
				7F9B18BE27AEE2B1003EC722 /* Assets.xcassets in Resources */,
				7F9C95E027AEF6BA0074BAF2 /* GoogleService-Info.plist in Resources */,
			);
			runOnlyForDeploymentPostprocessing = 0;
		};
/* End PBXResourcesBuildPhase section */

/* Begin PBXSourcesBuildPhase section */
		7F9B18B227AEE2B1003EC722 /* Sources */ = {
			isa = PBXSourcesBuildPhase;
			buildActionMask = 2147483647;
			files = (
				7F20184527B051C80049ACD1 /* ChatUser.swift in Sources */,
				7F20182A27AFCEFB0049ACD1 /* ImagePicker.swift in Sources */,
				7F20183727AFFD0F0049ACD1 /* MainMessagesView.swift in Sources */,
				7F20183C27B01C5A0049ACD1 /* FirebaseManager.swift in Sources */,
				7F9B18BC27AEE2B1003EC722 /* LoginView.swift in Sources */,
				7F9B18BA27AEE2B1003EC722 /* ChatAppWithFirebaseApp.swift in Sources */,
			);
			runOnlyForDeploymentPostprocessing = 0;
		};
/* End PBXSourcesBuildPhase section */

/* Begin XCBuildConfiguration section */
		7F9B18C327AEE2B1003EC722 /* Debug */ = {
			isa = XCBuildConfiguration;
			buildSettings = {
				ALWAYS_SEARCH_USER_PATHS = NO;
				CLANG_ANALYZER_NONNULL = YES;
				CLANG_ANALYZER_NUMBER_OBJECT_CONVERSION = YES_AGGRESSIVE;
				CLANG_CXX_LANGUAGE_STANDARD = "gnu++14";
				CLANG_CXX_LIBRARY = "libc++";
				CLANG_ENABLE_MODULES = YES;
				CLANG_ENABLE_OBJC_ARC = YES;
				CLANG_ENABLE_OBJC_WEAK = YES;
				CLANG_WARN_BLOCK_CAPTURE_AUTORELEASING = YES;
				CLANG_WARN_BOOL_CONVERSION = YES;
				CLANG_WARN_COMMA = YES;
				CLANG_WARN_CONSTANT_CONVERSION = YES;
				CLANG_WARN_DEPRECATED_OBJC_IMPLEMENTATIONS = YES;
				CLANG_WARN_DIRECT_OBJC_ISA_USAGE = YES_ERROR;
				CLANG_WARN_DOCUMENTATION_COMMENTS = YES;
				CLANG_WARN_EMPTY_BODY = YES;
				CLANG_WARN_ENUM_CONVERSION = YES;
				CLANG_WARN_INFINITE_RECURSION = YES;
				CLANG_WARN_INT_CONVERSION = YES;
				CLANG_WARN_NON_LITERAL_NULL_CONVERSION = YES;
				CLANG_WARN_OBJC_IMPLICIT_RETAIN_SELF = YES;
				CLANG_WARN_OBJC_LITERAL_CONVERSION = YES;
				CLANG_WARN_OBJC_ROOT_CLASS = YES_ERROR;
				CLANG_WARN_QUOTED_INCLUDE_IN_FRAMEWORK_HEADER = YES;
				CLANG_WARN_RANGE_LOOP_ANALYSIS = YES;
				CLANG_WARN_STRICT_PROTOTYPES = YES;
				CLANG_WARN_SUSPICIOUS_MOVE = YES;
				CLANG_WARN_UNGUARDED_AVAILABILITY = YES_AGGRESSIVE;
				CLANG_WARN_UNREACHABLE_CODE = YES;
				CLANG_WARN__DUPLICATE_METHOD_MATCH = YES;
				COPY_PHASE_STRIP = NO;
				DEBUG_INFORMATION_FORMAT = dwarf;
				ENABLE_STRICT_OBJC_MSGSEND = YES;
				ENABLE_TESTABILITY = YES;
				GCC_C_LANGUAGE_STANDARD = gnu11;
				GCC_DYNAMIC_NO_PIC = NO;
				GCC_NO_COMMON_BLOCKS = YES;
				GCC_OPTIMIZATION_LEVEL = 0;
				GCC_PREPROCESSOR_DEFINITIONS = (
					"DEBUG=1",
					"$(inherited)",
				);
				GCC_WARN_64_TO_32_BIT_CONVERSION = YES;
				GCC_WARN_ABOUT_RETURN_TYPE = YES_ERROR;
				GCC_WARN_UNDECLARED_SELECTOR = YES;
				GCC_WARN_UNINITIALIZED_AUTOS = YES_AGGRESSIVE;
				GCC_WARN_UNUSED_FUNCTION = YES;
				GCC_WARN_UNUSED_VARIABLE = YES;
				IPHONEOS_DEPLOYMENT_TARGET = 14.4;
				MTL_ENABLE_DEBUG_INFO = INCLUDE_SOURCE;
				MTL_FAST_MATH = YES;
				ONLY_ACTIVE_ARCH = YES;
				SDKROOT = iphoneos;
				SWIFT_ACTIVE_COMPILATION_CONDITIONS = DEBUG;
				SWIFT_OPTIMIZATION_LEVEL = "-Onone";
			};
			name = Debug;
		};
		7F9B18C427AEE2B1003EC722 /* Release */ = {
			isa = XCBuildConfiguration;
			buildSettings = {
				ALWAYS_SEARCH_USER_PATHS = NO;
				CLANG_ANALYZER_NONNULL = YES;
				CLANG_ANALYZER_NUMBER_OBJECT_CONVERSION = YES_AGGRESSIVE;
				CLANG_CXX_LANGUAGE_STANDARD = "gnu++14";
				CLANG_CXX_LIBRARY = "libc++";
				CLANG_ENABLE_MODULES = YES;
				CLANG_ENABLE_OBJC_ARC = YES;
				CLANG_ENABLE_OBJC_WEAK = YES;
				CLANG_WARN_BLOCK_CAPTURE_AUTORELEASING = YES;
				CLANG_WARN_BOOL_CONVERSION = YES;
				CLANG_WARN_COMMA = YES;
				CLANG_WARN_CONSTANT_CONVERSION = YES;
				CLANG_WARN_DEPRECATED_OBJC_IMPLEMENTATIONS = YES;
				CLANG_WARN_DIRECT_OBJC_ISA_USAGE = YES_ERROR;
				CLANG_WARN_DOCUMENTATION_COMMENTS = YES;
				CLANG_WARN_EMPTY_BODY = YES;
				CLANG_WARN_ENUM_CONVERSION = YES;
				CLANG_WARN_INFINITE_RECURSION = YES;
				CLANG_WARN_INT_CONVERSION = YES;
				CLANG_WARN_NON_LITERAL_NULL_CONVERSION = YES;
				CLANG_WARN_OBJC_IMPLICIT_RETAIN_SELF = YES;
				CLANG_WARN_OBJC_LITERAL_CONVERSION = YES;
				CLANG_WARN_OBJC_ROOT_CLASS = YES_ERROR;
				CLANG_WARN_QUOTED_INCLUDE_IN_FRAMEWORK_HEADER = YES;
				CLANG_WARN_RANGE_LOOP_ANALYSIS = YES;
				CLANG_WARN_STRICT_PROTOTYPES = YES;
				CLANG_WARN_SUSPICIOUS_MOVE = YES;
				CLANG_WARN_UNGUARDED_AVAILABILITY = YES_AGGRESSIVE;
				CLANG_WARN_UNREACHABLE_CODE = YES;
				CLANG_WARN__DUPLICATE_METHOD_MATCH = YES;
				COPY_PHASE_STRIP = NO;
				DEBUG_INFORMATION_FORMAT = "dwarf-with-dsym";
				ENABLE_NS_ASSERTIONS = NO;
				ENABLE_STRICT_OBJC_MSGSEND = YES;
				GCC_C_LANGUAGE_STANDARD = gnu11;
				GCC_NO_COMMON_BLOCKS = YES;
				GCC_WARN_64_TO_32_BIT_CONVERSION = YES;
				GCC_WARN_ABOUT_RETURN_TYPE = YES_ERROR;
				GCC_WARN_UNDECLARED_SELECTOR = YES;
				GCC_WARN_UNINITIALIZED_AUTOS = YES_AGGRESSIVE;
				GCC_WARN_UNUSED_FUNCTION = YES;
				GCC_WARN_UNUSED_VARIABLE = YES;
				IPHONEOS_DEPLOYMENT_TARGET = 14.4;
				MTL_ENABLE_DEBUG_INFO = NO;
				MTL_FAST_MATH = YES;
				SDKROOT = iphoneos;
				SWIFT_COMPILATION_MODE = wholemodule;
				SWIFT_OPTIMIZATION_LEVEL = "-O";
				VALIDATE_PRODUCT = YES;
			};
			name = Release;
		};
		7F9B18C627AEE2B1003EC722 /* Debug */ = {
			isa = XCBuildConfiguration;
			buildSettings = {
				ASSETCATALOG_COMPILER_APPICON_NAME = AppIcon;
				ASSETCATALOG_COMPILER_GLOBAL_ACCENT_COLOR_NAME = AccentColor;
				CODE_SIGN_STYLE = Automatic;
				DEVELOPMENT_ASSET_PATHS = "\"ChatAppWithFirebase/Preview Content\"";
				ENABLE_PREVIEWS = YES;
				INFOPLIST_FILE = ChatAppWithFirebase/Info.plist;
				IPHONEOS_DEPLOYMENT_TARGET = 14.0;
				LD_RUNPATH_SEARCH_PATHS = (
					"$(inherited)",
					"@executable_path/Frameworks",
				);
				PRODUCT_BUNDLE_IDENTIFIER = com.org.ChatAppWithFirebase;
				PRODUCT_NAME = "$(TARGET_NAME)";
				SWIFT_VERSION = 5.0;
				TARGETED_DEVICE_FAMILY = "1,2";
			};
			name = Debug;
		};
		7F9B18C727AEE2B1003EC722 /* Release */ = {
			isa = XCBuildConfiguration;
			buildSettings = {
				ASSETCATALOG_COMPILER_APPICON_NAME = AppIcon;
				ASSETCATALOG_COMPILER_GLOBAL_ACCENT_COLOR_NAME = AccentColor;
				CODE_SIGN_STYLE = Automatic;
				DEVELOPMENT_ASSET_PATHS = "\"ChatAppWithFirebase/Preview Content\"";
				ENABLE_PREVIEWS = YES;
				INFOPLIST_FILE = ChatAppWithFirebase/Info.plist;
				IPHONEOS_DEPLOYMENT_TARGET = 14.0;
				LD_RUNPATH_SEARCH_PATHS = (
					"$(inherited)",
					"@executable_path/Frameworks",
				);
				PRODUCT_BUNDLE_IDENTIFIER = com.org.ChatAppWithFirebase;
				PRODUCT_NAME = "$(TARGET_NAME)";
				SWIFT_VERSION = 5.0;
				TARGETED_DEVICE_FAMILY = "1,2";
			};
			name = Release;
		};
/* End XCBuildConfiguration section */

/* Begin XCConfigurationList section */
		7F9B18B127AEE2B0003EC722 /* Build configuration list for PBXProject "ChatAppWithFirebase" */ = {
			isa = XCConfigurationList;
			buildConfigurations = (
				7F9B18C327AEE2B1003EC722 /* Debug */,
				7F9B18C427AEE2B1003EC722 /* Release */,
			);
			defaultConfigurationIsVisible = 0;
			defaultConfigurationName = Release;
		};
		7F9B18C527AEE2B1003EC722 /* Build configuration list for PBXNativeTarget "ChatAppWithFirebase" */ = {
			isa = XCConfigurationList;
			buildConfigurations = (
				7F9B18C627AEE2B1003EC722 /* Debug */,
				7F9B18C727AEE2B1003EC722 /* Release */,
			);
			defaultConfigurationIsVisible = 0;
			defaultConfigurationName = Release;
		};
/* End XCConfigurationList section */

/* Begin XCRemoteSwiftPackageReference section */
		7F20182C27AFF26A0049ACD1 /* XCRemoteSwiftPackageReference "firebase-ios-sdk" */ = {
			isa = XCRemoteSwiftPackageReference;
			repositoryURL = "https://github.com/firebase/firebase-ios-sdk.git";
			requirement = {
				kind = upToNextMajorVersion;
				minimumVersion = 8.11.0;
			};
		};
		7F20183F27B0297E0049ACD1 /* XCRemoteSwiftPackageReference "SDWebImageSwiftUI" */ = {
			isa = XCRemoteSwiftPackageReference;
			repositoryURL = "https://github.com/SDWebImage/SDWebImageSwiftUI";
			requirement = {
				kind = upToNextMajorVersion;
				minimumVersion = 2.0.2;
			};
		};
/* End XCRemoteSwiftPackageReference section */

/* Begin XCSwiftPackageProductDependency section */
		7F20182D27AFF26A0049ACD1 /* FirebaseAuth */ = {
			isa = XCSwiftPackageProductDependency;
			package = 7F20182C27AFF26A0049ACD1 /* XCRemoteSwiftPackageReference "firebase-ios-sdk" */;
			productName = FirebaseAuth;
		};
		7F20182F27AFF26A0049ACD1 /* FirebaseFirestore */ = {
			isa = XCSwiftPackageProductDependency;
			package = 7F20182C27AFF26A0049ACD1 /* XCRemoteSwiftPackageReference "firebase-ios-sdk" */;
			productName = FirebaseFirestore;
		};
		7F20183127AFF26A0049ACD1 /* FirebaseStorage */ = {
			isa = XCSwiftPackageProductDependency;
			package = 7F20182C27AFF26A0049ACD1 /* XCRemoteSwiftPackageReference "firebase-ios-sdk" */;
			productName = FirebaseStorage;
		};
		7F20184027B0297F0049ACD1 /* SDWebImageSwiftUI */ = {
			isa = XCSwiftPackageProductDependency;
			package = 7F20183F27B0297E0049ACD1 /* XCRemoteSwiftPackageReference "SDWebImageSwiftUI" */;
			productName = SDWebImageSwiftUI;
		};
/* End XCSwiftPackageProductDependency section */
	};
	rootObject = 7F9B18AE27AEE2B0003EC722 /* Project object */;
}
